
Microsoft Visual Studio Solution File, Format Version 12.00
# Visual Studio Version 17
VisualStudioVersion = 17.3.32804.467
MinimumVisualStudioVersion = 10.0.40219.1
Project("{FAE04EC0-301F-11D3-BF4B-00C04F79EFBC}") = "Steyle-V4", "Steyle-V4\Steyle-V4.csproj", "{49E13392-DB5D-457F-8F8E-67598E3EABB8}"
EndProject
Global
	GlobalSection(SolutionConfigurationPlatforms) = preSolution
		Debug|Any CPU = Debug|Any CPU
		Release|Any CPU = Release|Any CPU
	EndGlobalSection
	GlobalSection(ProjectConfigurationPlatforms) = postSolution
		{49E13392-DB5D-457F-8F8E-67598E3EABB8}.Debug|Any CPU.ActiveCfg = Debug|Any CPU
		{49E13392-DB5D-457F-8F8E-67598E3EABB8}.Debug|Any CPU.Build.0 = Debug|Any CPU
		{49E13392-DB5D-457F-8F8E-67598E3EABB8}.Release|Any CPU.ActiveCfg = Release|Any CPU
		{49E13392-DB5D-457F-8F8E-67598E3EABB8}.Release|Any CPU.Build.0 = Release|Any CPU
	EndGlobalSection
	GlobalSection(SolutionProperties) = preSolution
		HideSolutionNode = FALSE
	EndGlobalSection
	GlobalSection(ExtensibilityGlobals) = postSolution
		SolutionGuid = {F8769544-91C0-4EC0-ACA2-B283B8A480CD}
	EndGlobalSection
EndGlobal
